
Microsoft Visual Studio Solution File, Format Version 12.00
# Visual Studio Version 17
VisualStudioVersion = 17.11.35222.181
MinimumVisualStudioVersion = 10.0.40219.1
Project("{FAE04EC0-301F-11D3-BF4B-00C04F79EFBC}") = "CRUD", "CRUD\CRUD.csproj", "{3F794751-D430-49E4-BAC9-92A5D2CD3998}"
EndProject
Global
	GlobalSection(SolutionConfigurationPlatforms) = preSolution
		Debug|Any CPU = Debug|Any CPU
		Release|Any CPU = Release|Any CPU
	EndGlobalSection
	GlobalSection(ProjectConfigurationPlatforms) = postSolution
		{3F794751-D430-49E4-BAC9-92A5D2CD3998}.Debug|Any CPU.ActiveCfg = Debug|Any CPU
		{3F794751-D430-49E4-BAC9-92A5D2CD3998}.Debug|Any CPU.Build.0 = Debug|Any CPU
		{3F794751-D430-49E4-BAC9-92A5D2CD3998}.Release|Any CPU.ActiveCfg = Release|Any CPU
		{3F794751-D430-49E4-BAC9-92A5D2CD3998}.Release|Any CPU.Build.0 = Release|Any CPU
	EndGlobalSection
	GlobalSection(SolutionProperties) = preSolution
		HideSolutionNode = FALSE
	EndGlobalSection
	GlobalSection(ExtensibilityGlobals) = postSolution
		SolutionGuid = {6E2EE10B-DA70-4F6D-8D9E-E5AC90FD24BC}
	EndGlobalSection
EndGlobal
